
Microsoft Visual Studio Solution File, Format Version 11.00
# Visual Studio 2010
Project("{FAE04EC0-301F-11D3-BF4B-00C04F79EFBC}") = "molinafy", "molinafy.csproj", "{C4F7F327-EB07-423D-A67F-A73DD1957FBB}"
EndProject
Project("{FAE04EC0-301F-11D3-BF4B-00C04F79EFBC}") = "mlib", "..\mlib\mlib.csproj", "{DF53A516-E84C-464B-844B-B8C7D0E56974}"
EndProject
Global
	GlobalSection(SolutionConfigurationPlatforms) = preSolution
		Debug|Any CPU = Debug|Any CPU
		Debug|Mixed Platforms = Debug|Mixed Platforms
		Debug|x86 = Debug|x86
		Release|Any CPU = Release|Any CPU
		Release|Mixed Platforms = Release|Mixed Platforms
		Release|x86 = Release|x86
	EndGlobalSection
	GlobalSection(ProjectConfigurationPlatforms) = postSolution
		{C4F7F327-EB07-423D-A67F-A73DD1957FBB}.Debug|Any CPU.ActiveCfg = Debug|x86
		{C4F7F327-EB07-423D-A67F-A73DD1957FBB}.Debug|Mixed Platforms.ActiveCfg = Debug|x86
		{C4F7F327-EB07-423D-A67F-A73DD1957FBB}.Debug|Mixed Platforms.Build.0 = Debug|x86
		{C4F7F327-EB07-423D-A67F-A73DD1957FBB}.Debug|x86.ActiveCfg = Debug|x86
		{C4F7F327-EB07-423D-A67F-A73DD1957FBB}.Debug|x86.Build.0 = Debug|x86
		{C4F7F327-EB07-423D-A67F-A73DD1957FBB}.Release|Any CPU.ActiveCfg = Release|x86
		{C4F7F327-EB07-423D-A67F-A73DD1957FBB}.Release|Mixed Platforms.ActiveCfg = Release|x86
		{C4F7F327-EB07-423D-A67F-A73DD1957FBB}.Release|Mixed Platforms.Build.0 = Release|x86
		{C4F7F327-EB07-423D-A67F-A73DD1957FBB}.Release|x86.ActiveCfg = Release|x86
		{C4F7F327-EB07-423D-A67F-A73DD1957FBB}.Release|x86.Build.0 = Release|x86
		{DF53A516-E84C-464B-844B-B8C7D0E56974}.Debug|Any CPU.ActiveCfg = Debug|Any CPU
		{DF53A516-E84C-464B-844B-B8C7D0E56974}.Debug|Any CPU.Build.0 = Debug|Any CPU
		{DF53A516-E84C-464B-844B-B8C7D0E56974}.Debug|Mixed Platforms.ActiveCfg = Debug|Any CPU
		{DF53A516-E84C-464B-844B-B8C7D0E56974}.Debug|Mixed Platforms.Build.0 = Debug|Any CPU
		{DF53A516-E84C-464B-844B-B8C7D0E56974}.Debug|x86.ActiveCfg = Debug|Any CPU
		{DF53A516-E84C-464B-844B-B8C7D0E56974}.Release|Any CPU.ActiveCfg = Release|Any CPU
		{DF53A516-E84C-464B-844B-B8C7D0E56974}.Release|Any CPU.Build.0 = Release|Any CPU
		{DF53A516-E84C-464B-844B-B8C7D0E56974}.Release|Mixed Platforms.ActiveCfg = Release|Any CPU
		{DF53A516-E84C-464B-844B-B8C7D0E56974}.Release|Mixed Platforms.Build.0 = Release|Any CPU
		{DF53A516-E84C-464B-844B-B8C7D0E56974}.Release|x86.ActiveCfg = Release|Any CPU
	EndGlobalSection
	GlobalSection(SolutionProperties) = preSolution
		HideSolutionNode = FALSE
	EndGlobalSection
EndGlobal
