
Microsoft Visual Studio Solution File, Format Version 11.00
# Visual Studio 2010
Project("{FAE04EC0-301F-11D3-BF4B-00C04F79EFBC}") = "molinafy", "molinafy\molinafy.csproj", "{57307B4E-8E3A-44D1-AFCA-0CF0BF786514}"
EndProject
Project("{FAE04EC0-301F-11D3-BF4B-00C04F79EFBC}") = "mlib", "mlib\mlib.csproj", "{DF53A516-E84C-464B-844B-B8C7D0E56974}"
EndProject
Project("{FAE04EC0-301F-11D3-BF4B-00C04F79EFBC}") = "AutocompleteMenu", "AutocompleteMenu\AutocompleteMenu.csproj", "{43CBC9AA-6A8E-463F-83A9-AFF3124AFDB6}"
EndProject
Global
	GlobalSection(SolutionConfigurationPlatforms) = preSolution
		Debug|Any CPU = Debug|Any CPU
		Debug|Mixed Platforms = Debug|Mixed Platforms
		Debug|x86 = Debug|x86
		Release|Any CPU = Release|Any CPU
		Release|Mixed Platforms = Release|Mixed Platforms
		Release|x86 = Release|x86
	EndGlobalSection
	GlobalSection(ProjectConfigurationPlatforms) = postSolution
		{57307B4E-8E3A-44D1-AFCA-0CF0BF786514}.Debug|Any CPU.ActiveCfg = Debug|x86
		{57307B4E-8E3A-44D1-AFCA-0CF0BF786514}.Debug|Mixed Platforms.ActiveCfg = Debug|x86
		{57307B4E-8E3A-44D1-AFCA-0CF0BF786514}.Debug|Mixed Platforms.Build.0 = Debug|x86
		{57307B4E-8E3A-44D1-AFCA-0CF0BF786514}.Debug|x86.ActiveCfg = Debug|x86
		{57307B4E-8E3A-44D1-AFCA-0CF0BF786514}.Debug|x86.Build.0 = Debug|x86
		{57307B4E-8E3A-44D1-AFCA-0CF0BF786514}.Release|Any CPU.ActiveCfg = Release|x86
		{57307B4E-8E3A-44D1-AFCA-0CF0BF786514}.Release|Mixed Platforms.ActiveCfg = Release|x86
		{57307B4E-8E3A-44D1-AFCA-0CF0BF786514}.Release|Mixed Platforms.Build.0 = Release|x86
		{57307B4E-8E3A-44D1-AFCA-0CF0BF786514}.Release|x86.ActiveCfg = Release|x86
		{57307B4E-8E3A-44D1-AFCA-0CF0BF786514}.Release|x86.Build.0 = Release|x86
		{DF53A516-E84C-464B-844B-B8C7D0E56974}.Debug|Any CPU.ActiveCfg = Debug|Any CPU
		{DF53A516-E84C-464B-844B-B8C7D0E56974}.Debug|Any CPU.Build.0 = Debug|Any CPU
		{DF53A516-E84C-464B-844B-B8C7D0E56974}.Debug|Mixed Platforms.ActiveCfg = Debug|Any CPU
		{DF53A516-E84C-464B-844B-B8C7D0E56974}.Debug|Mixed Platforms.Build.0 = Debug|Any CPU
		{DF53A516-E84C-464B-844B-B8C7D0E56974}.Debug|x86.ActiveCfg = Debug|Any CPU
		{DF53A516-E84C-464B-844B-B8C7D0E56974}.Release|Any CPU.ActiveCfg = Release|Any CPU
		{DF53A516-E84C-464B-844B-B8C7D0E56974}.Release|Any CPU.Build.0 = Release|Any CPU
		{DF53A516-E84C-464B-844B-B8C7D0E56974}.Release|Mixed Platforms.ActiveCfg = Release|Any CPU
		{DF53A516-E84C-464B-844B-B8C7D0E56974}.Release|Mixed Platforms.Build.0 = Release|Any CPU
		{DF53A516-E84C-464B-844B-B8C7D0E56974}.Release|x86.ActiveCfg = Release|Any CPU
		{43CBC9AA-6A8E-463F-83A9-AFF3124AFDB6}.Debug|Any CPU.ActiveCfg = Debug|Any CPU
		{43CBC9AA-6A8E-463F-83A9-AFF3124AFDB6}.Debug|Any CPU.Build.0 = Debug|Any CPU
		{43CBC9AA-6A8E-463F-83A9-AFF3124AFDB6}.Debug|Mixed Platforms.ActiveCfg = Debug|Any CPU
		{43CBC9AA-6A8E-463F-83A9-AFF3124AFDB6}.Debug|Mixed Platforms.Build.0 = Debug|Any CPU
		{43CBC9AA-6A8E-463F-83A9-AFF3124AFDB6}.Debug|x86.ActiveCfg = Debug|Any CPU
		{43CBC9AA-6A8E-463F-83A9-AFF3124AFDB6}.Release|Any CPU.ActiveCfg = Release|Any CPU
		{43CBC9AA-6A8E-463F-83A9-AFF3124AFDB6}.Release|Any CPU.Build.0 = Release|Any CPU
		{43CBC9AA-6A8E-463F-83A9-AFF3124AFDB6}.Release|Mixed Platforms.ActiveCfg = Release|Any CPU
		{43CBC9AA-6A8E-463F-83A9-AFF3124AFDB6}.Release|Mixed Platforms.Build.0 = Release|Any CPU
		{43CBC9AA-6A8E-463F-83A9-AFF3124AFDB6}.Release|x86.ActiveCfg = Release|Any CPU
	EndGlobalSection
	GlobalSection(SolutionProperties) = preSolution
		HideSolutionNode = FALSE
	EndGlobalSection
EndGlobal
